Microsoft Visual Studio Solution File, Format Version 12.00
# Visual Studio Version 16
VisualStudioVersion = 16.0.31005.135
MinimumVisualStudioVersion = 10.0.40219.1
Project("{9A19103F-16F7-4668-BE54-9A1E7A4F7556}") = "HousingSearchApi", "HousingSearchApi\HousingSearchApi.csproj", "{6F482163-3F51-487F-8F7D-37A1D4DAEA8B}"
EndProject
Project("{9A19103F-16F7-4668-BE54-9A1E7A4F7556}") = "HousingSearchApi.Tests", "HousingSearchApi.Tests\HousingSearchApi.Tests.csproj", "{DE8E4E61-EB76-416B-8417-E8F2F6A0C0D3}"
EndProject
Project("{2150E333-8FDC-42A3-9474-1A3956D46DE8}") = "terraform", "terraform", "{BD0207D5-BCAF-47E3-9C4F-952E57BC8B4C}"
	ProjectSection(SolutionItems) = preProject
		terraform\main.tf = terraform\main.tf
	EndProjectSection
EndProject
Project("{2150E333-8FDC-42A3-9474-1A3956D46DE8}") = "development", "development", "{8E1C6CA6-A2A0-45B7-86D2-17A0115CDAB7}"
	ProjectSection(SolutionItems) = preProject
		terraform\development\main.tf = terraform\development\main.tf
	EndProjectSection
EndProject
Project("{2150E333-8FDC-42A3-9474-1A3956D46DE8}") = "staging", "staging", "{619F6DFB-843E-4505-BE5B-53A1EE0B52D9}"
	ProjectSection(SolutionItems) = preProject
		terraform\staging\main.tf = terraform\staging\main.tf
	EndProjectSection
EndProject
Project("{2150E333-8FDC-42A3-9474-1A3956D46DE8}") = "production", "production", "{5E5AFB37-E214-4F92-B224-C77661F713E9}"
	ProjectSection(SolutionItems) = preProject
		terraform\production\main.tf = terraform\production\main.tf
	EndProjectSection
EndProject
Project("{2150E333-8FDC-42A3-9474-1A3956D46DE8}") = "CircleCI", "CircleCI", "{4EA00784-FE88-41AE-BE20-F114E1FE06C5}"
	ProjectSection(SolutionItems) = preProject
		.circleci\config.yml = .circleci\config.yml
	EndProjectSection
EndProject
Global
	GlobalSection(SolutionConfigurationPlatforms) = preSolution
		Debug|Any CPU = Debug|Any CPU
		Release|Any CPU = Release|Any CPU
	EndGlobalSection
	GlobalSection(ProjectConfigurationPlatforms) = postSolution
		{6F482163-3F51-487F-8F7D-37A1D4DAEA8B}.Debug|Any CPU.ActiveCfg = Debug|Any CPU
		{6F482163-3F51-487F-8F7D-37A1D4DAEA8B}.Debug|Any CPU.Build.0 = Debug|Any CPU
		{6F482163-3F51-487F-8F7D-37A1D4DAEA8B}.Release|Any CPU.ActiveCfg = Release|Any CPU
		{6F482163-3F51-487F-8F7D-37A1D4DAEA8B}.Release|Any CPU.Build.0 = Release|Any CPU
		{DE8E4E61-EB76-416B-8417-E8F2F6A0C0D3}.Debug|Any CPU.ActiveCfg = Debug|Any CPU
		{DE8E4E61-EB76-416B-8417-E8F2F6A0C0D3}.Debug|Any CPU.Build.0 = Debug|Any CPU
		{DE8E4E61-EB76-416B-8417-E8F2F6A0C0D3}.Release|Any CPU.ActiveCfg = Release|Any CPU
		{DE8E4E61-EB76-416B-8417-E8F2F6A0C0D3}.Release|Any CPU.Build.0 = Release|Any CPU
	EndGlobalSection
	GlobalSection(SolutionProperties) = preSolution
		HideSolutionNode = FALSE
	EndGlobalSection
	GlobalSection(NestedProjects) = preSolution
		{8E1C6CA6-A2A0-45B7-86D2-17A0115CDAB7} = {BD0207D5-BCAF-47E3-9C4F-952E57BC8B4C}
		{619F6DFB-843E-4505-BE5B-53A1EE0B52D9} = {BD0207D5-BCAF-47E3-9C4F-952E57BC8B4C}
		{5E5AFB37-E214-4F92-B224-C77661F713E9} = {BD0207D5-BCAF-47E3-9C4F-952E57BC8B4C}
	EndGlobalSection
	GlobalSection(ExtensibilityGlobals) = postSolution
		SolutionGuid = {B0AFF15C-4E12-4169-821F-9A4C8CDCC1C8}
	EndGlobalSection
EndGlobal
